
Microsoft Visual Studio Solution File, Format Version 12.00
# Visual Studio 16
Project("{FAE04EC0-301F-11D3-BF4B-00C04F79EFBC}") = "Assembly-CSharp", "Assembly-CSharp.csproj", "{BA3C2572-4628-DA3F-7254-626F5A55B508}"
EndProject
Project("{FAE04EC0-301F-11D3-BF4B-00C04F79EFBC}") = "Assembly-CSharp-Editor", "Assembly-CSharp-Editor.csproj", "{71056C86-A8F0-852C-EAA8-FA34CE08B332}"
EndProject
Global
	GlobalSection(SolutionConfigurationPlatforms) = preSolution
		Debug|Any CPU = Debug|Any CPU
		Release|Any CPU = Release|Any CPU
	EndGlobalSection
	GlobalSection(ProjectConfigurationPlatforms) = postSolution
		{BA3C2572-4628-DA3F-7254-626F5A55B508}.Debug|Any CPU.ActiveCfg = Debug|Any CPU
		{BA3C2572-4628-DA3F-7254-626F5A55B508}.Debug|Any CPU.Build.0 = Debug|Any CPU
		{BA3C2572-4628-DA3F-7254-626F5A55B508}.Release|Any CPU.ActiveCfg = Release|Any CPU
		{BA3C2572-4628-DA3F-7254-626F5A55B508}.Release|Any CPU.Build.0 = Release|Any CPU
		{71056C86-A8F0-852C-EAA8-FA34CE08B332}.Debug|Any CPU.ActiveCfg = Debug|Any CPU
		{71056C86-A8F0-852C-EAA8-FA34CE08B332}.Debug|Any CPU.Build.0 = Debug|Any CPU
		{71056C86-A8F0-852C-EAA8-FA34CE08B332}.Release|Any CPU.ActiveCfg = Release|Any CPU
		{71056C86-A8F0-852C-EAA8-FA34CE08B332}.Release|Any CPU.Build.0 = Release|Any CPU
	EndGlobalSection
	GlobalSection(SolutionProperties) = preSolution
		HideSolutionNode = FALSE
	EndGlobalSection
EndGlobal
