
Microsoft Visual Studio Solution File, Format Version 11.00
# Visual Studio 2010
Project("{FAE04EC0-301F-11D3-BF4B-00C04F79EFBC}") = "Void-Spectrum", "Assembly-CSharp.csproj", "{091E8217-F51C-0726-DC5C-2D905E2F6930}"
EndProject
Global
	GlobalSection(SolutionConfigurationPlatforms) = preSolution
		Debug|Any CPU = Debug|Any CPU
		Release|Any CPU = Release|Any CPU
	EndGlobalSection
	GlobalSection(ProjectConfigurationPlatforms) = postSolution
		{091E8217-F51C-0726-DC5C-2D905E2F6930}.Debug|Any CPU.ActiveCfg = Debug|Any CPU
		{091E8217-F51C-0726-DC5C-2D905E2F6930}.Debug|Any CPU.Build.0 = Debug|Any CPU
		{091E8217-F51C-0726-DC5C-2D905E2F6930}.Release|Any CPU.ActiveCfg = Release|Any CPU
		{091E8217-F51C-0726-DC5C-2D905E2F6930}.Release|Any CPU.Build.0 = Release|Any CPU
	EndGlobalSection
	GlobalSection(SolutionProperties) = preSolution
		HideSolutionNode = FALSE
	EndGlobalSection
	GlobalSection(MonoDevelopProperties) = preSolution
		StartupItem = Assembly-CSharp.csproj
	EndGlobalSection
EndGlobal
